// !$*UTF8*$!
{
	archiveVersion = 1;
	classes = {
	};
	objectVersion = 56;
	objects = {

/* Begin PBXBuildFile section */
		CC36347D2A1E36A90071EE4F /* ProfileViewController.swift in Sources */ = {isa = PBXBuildFile; fileRef = CC36347C2A1E36A90071EE4F /* ProfileViewController.swift */; };
		CC5468A92A1A88560092B04C /* AppDelegate.swift in Sources */ = {isa = PBXBuildFile; fileRef = CC5468A82A1A88560092B04C /* AppDelegate.swift */; };
		CC5468AB2A1A88560092B04C /* SceneDelegate.swift in Sources */ = {isa = PBXBuildFile; fileRef = CC5468AA2A1A88560092B04C /* SceneDelegate.swift */; };
		CC5468AD2A1A88560092B04C /* MainViewController.swift in Sources */ = {isa = PBXBuildFile; fileRef = CC5468AC2A1A88560092B04C /* MainViewController.swift */; };
		CC5468B02A1A88560092B04C /* Main.storyboard in Resources */ = {isa = PBXBuildFile; fileRef = CC5468AE2A1A88560092B04C /* Main.storyboard */; };
		CC5468B22A1A88570092B04C /* Assets.xcassets in Resources */ = {isa = PBXBuildFile; fileRef = CC5468B12A1A88570092B04C /* Assets.xcassets */; };
		CC5468B52A1A88570092B04C /* LaunchScreen.storyboard in Resources */ = {isa = PBXBuildFile; fileRef = CC5468B32A1A88570092B04C /* LaunchScreen.storyboard */; };
		CC8141A52A23457300188B72 /* DetailViewController.swift in Sources */ = {isa = PBXBuildFile; fileRef = CC8141A42A23457300188B72 /* DetailViewController.swift */; };
		CC8141AA2A2345E400188B72 /* SnapKit in Frameworks */ = {isa = PBXBuildFile; productRef = CC8141A92A2345E400188B72 /* SnapKit */; };
		CC8141AC2A23A0D000188B72 /* DetailView.swift in Sources */ = {isa = PBXBuildFile; fileRef = CC8141AB2A23A0D000188B72 /* DetailView.swift */; };
		CC8141B12A23B4AA00188B72 /* SettingViewController.swift in Sources */ = {isa = PBXBuildFile; fileRef = CC8141B02A23B4AA00188B72 /* SettingViewController.swift */; };
		CC8141B32A249B1B00188B72 /* SettingTableViewCell.swift in Sources */ = {isa = PBXBuildFile; fileRef = CC8141B22A249B1B00188B72 /* SettingTableViewCell.swift */; };
		CC87DBB52A337AC4002D90B6 /* UIView+.swift in Sources */ = {isa = PBXBuildFile; fileRef = CC87DBB42A337AC4002D90B6 /* UIView+.swift */; };
		CC87DBB72A337CFD002D90B6 /* UIStackView+.swift in Sources */ = {isa = PBXBuildFile; fileRef = CC87DBB62A337CFD002D90B6 /* UIStackView+.swift */; };
		CC8A43252A1F7AFD0063697F /* CustomColor.swift in Sources */ = {isa = PBXBuildFile; fileRef = CC8A43242A1F7AFD0063697F /* CustomColor.swift */; };
		CCB582842A22606B00B5924A /* Goal.swift in Sources */ = {isa = PBXBuildFile; fileRef = CCB582832A22606B00B5924A /* Goal.swift */; };
		CCB582882A2327BA00B5924A /* GoalManager.swift in Sources */ = {isa = PBXBuildFile; fileRef = CCB582872A2327BA00B5924A /* GoalManager.swift */; };
		CCBA10CE2A2DD25700456AA9 /* AddProjectViewController.swift in Sources */ = {isa = PBXBuildFile; fileRef = CCBA10CD2A2DD25700456AA9 /* AddProjectViewController.swift */; };
		CCBA10D02A2DD28A00456AA9 /* AddGoalView.swift in Sources */ = {isa = PBXBuildFile; fileRef = CCBA10CF2A2DD28A00456AA9 /* AddGoalView.swift */; };
		CCBFC2702A1FB6040022FEAD /* UIColor+.swift in Sources */ = {isa = PBXBuildFile; fileRef = CCBFC26F2A1FB6040022FEAD /* UIColor+.swift */; };
		CCBFC2722A20B51F0022FEAD /* MainTableViewCell.swift in Sources */ = {isa = PBXBuildFile; fileRef = CCBFC2712A20B51F0022FEAD /* MainTableViewCell.swift */; };
		CCFE857F2A3461DF001FD6C7 /* TextFieldEffects in Frameworks */ = {isa = PBXBuildFile; productRef = CCFE857E2A3461DF001FD6C7 /* TextFieldEffects */; };
		CCFE85812A359E05001FD6C7 /* Date+.swift in Sources */ = {isa = PBXBuildFile; fileRef = CCFE85802A359E05001FD6C7 /* Date+.swift */; };
		CCFE85832A359E1D001FD6C7 /* String+.swift in Sources */ = {isa = PBXBuildFile; fileRef = CCFE85822A359E1D001FD6C7 /* String+.swift */; };
/* End PBXBuildFile section */

/* Begin PBXFileReference section */
		CC36347C2A1E36A90071EE4F /* ProfileViewController.swift */ = {isa = PBXFileReference; lastKnownFileType = sourcecode.swift; path = ProfileViewController.swift; sourceTree = "<group>"; };
		CC5468A52A1A88560092B04C /* PodoRang.app */ = {isa = PBXFileReference; explicitFileType = wrapper.application; includeInIndex = 0; path = PodoRang.app; sourceTree = BUILT_PRODUCTS_DIR; };
		CC5468A82A1A88560092B04C /* AppDelegate.swift */ = {isa = PBXFileReference; lastKnownFileType = sourcecode.swift; path = AppDelegate.swift; sourceTree = "<group>"; };
		CC5468AA2A1A88560092B04C /* SceneDelegate.swift */ = {isa = PBXFileReference; lastKnownFileType = sourcecode.swift; path = SceneDelegate.swift; sourceTree = "<group>"; };
		CC5468AC2A1A88560092B04C /* MainViewController.swift */ = {isa = PBXFileReference; lastKnownFileType = sourcecode.swift; path = MainViewController.swift; sourceTree = "<group>"; };
		CC5468AF2A1A88560092B04C /* Base */ = {isa = PBXFileReference; lastKnownFileType = file.storyboard; name = Base; path = Base.lproj/Main.storyboard; sourceTree = "<group>"; };
		CC5468B12A1A88570092B04C /* Assets.xcassets */ = {isa = PBXFileReference; lastKnownFileType = folder.assetcatalog; path = Assets.xcassets; sourceTree = "<group>"; };
		CC5468B42A1A88570092B04C /* Base */ = {isa = PBXFileReference; lastKnownFileType = file.storyboard; name = Base; path = Base.lproj/LaunchScreen.storyboard; sourceTree = "<group>"; };
		CC5468B62A1A88570092B04C /* Info.plist */ = {isa = PBXFileReference; lastKnownFileType = text.plist.xml; path = Info.plist; sourceTree = "<group>"; };
		CC8141A42A23457300188B72 /* DetailViewController.swift */ = {isa = PBXFileReference; lastKnownFileType = sourcecode.swift; path = DetailViewController.swift; sourceTree = "<group>"; };
		CC8141AB2A23A0D000188B72 /* DetailView.swift */ = {isa = PBXFileReference; lastKnownFileType = sourcecode.swift; path = DetailView.swift; sourceTree = "<group>"; };
		CC8141B02A23B4AA00188B72 /* SettingViewController.swift */ = {isa = PBXFileReference; lastKnownFileType = sourcecode.swift; path = SettingViewController.swift; sourceTree = "<group>"; };
		CC8141B22A249B1B00188B72 /* SettingTableViewCell.swift */ = {isa = PBXFileReference; lastKnownFileType = sourcecode.swift; path = SettingTableViewCell.swift; sourceTree = "<group>"; };
		CC87DBB42A337AC4002D90B6 /* UIView+.swift */ = {isa = PBXFileReference; lastKnownFileType = sourcecode.swift; path = "UIView+.swift"; sourceTree = "<group>"; };
		CC87DBB62A337CFD002D90B6 /* UIStackView+.swift */ = {isa = PBXFileReference; lastKnownFileType = sourcecode.swift; path = "UIStackView+.swift"; sourceTree = "<group>"; };
		CC8A43242A1F7AFD0063697F /* CustomColor.swift */ = {isa = PBXFileReference; lastKnownFileType = sourcecode.swift; path = CustomColor.swift; sourceTree = "<group>"; };
		CCB582832A22606B00B5924A /* Goal.swift */ = {isa = PBXFileReference; lastKnownFileType = sourcecode.swift; path = Goal.swift; sourceTree = "<group>"; };
		CCB582872A2327BA00B5924A /* GoalManager.swift */ = {isa = PBXFileReference; lastKnownFileType = sourcecode.swift; path = GoalManager.swift; sourceTree = "<group>"; };
		CCBA10CD2A2DD25700456AA9 /* AddProjectViewController.swift */ = {isa = PBXFileReference; lastKnownFileType = sourcecode.swift; path = AddProjectViewController.swift; sourceTree = "<group>"; };
		CCBA10CF2A2DD28A00456AA9 /* AddGoalView.swift */ = {isa = PBXFileReference; lastKnownFileType = sourcecode.swift; path = AddGoalView.swift; sourceTree = "<group>"; };
		CCBFC26F2A1FB6040022FEAD /* UIColor+.swift */ = {isa = PBXFileReference; lastKnownFileType = sourcecode.swift; path = "UIColor+.swift"; sourceTree = "<group>"; };
		CCBFC2712A20B51F0022FEAD /* MainTableViewCell.swift */ = {isa = PBXFileReference; lastKnownFileType = sourcecode.swift; path = MainTableViewCell.swift; sourceTree = "<group>"; };
		CCFE85802A359E05001FD6C7 /* Date+.swift */ = {isa = PBXFileReference; lastKnownFileType = sourcecode.swift; path = "Date+.swift"; sourceTree = "<group>"; };
		CCFE85822A359E1D001FD6C7 /* String+.swift */ = {isa = PBXFileReference; lastKnownFileType = sourcecode.swift; path = "String+.swift"; sourceTree = "<group>"; };
/* End PBXFileReference section */

/* Begin PBXFrameworksBuildPhase section */
		CC5468A22A1A88560092B04C /* Frameworks */ = {
			isa = PBXFrameworksBuildPhase;
			buildActionMask = 2147483647;
			files = (
				CC8141AA2A2345E400188B72 /* SnapKit in Frameworks */,
				CCFE857F2A3461DF001FD6C7 /* TextFieldEffects in Frameworks */,
			);
			runOnlyForDeploymentPostprocessing = 0;
		};
/* End PBXFrameworksBuildPhase section */

/* Begin PBXGroup section */
		CC54689C2A1A88560092B04C = {
			isa = PBXGroup;
			children = (
				CC5468A72A1A88560092B04C /* PodoRang */,
				CC5468A62A1A88560092B04C /* Products */,
			);
			sourceTree = "<group>";
		};
		CC5468A62A1A88560092B04C /* Products */ = {
			isa = PBXGroup;
			children = (
				CC5468A52A1A88560092B04C /* PodoRang.app */,
			);
			name = Products;
			sourceTree = "<group>";
		};
		CC5468A72A1A88560092B04C /* PodoRang */ = {
			isa = PBXGroup;
			children = (
				CCBFC26A2A1FB56F0022FEAD /* Resources */,
				CCBFC2692A1FB5650022FEAD /* Sources */,
			);
			path = PodoRang;
			sourceTree = "<group>";
		};
		CCBFC2692A1FB5650022FEAD /* Sources */ = {
			isa = PBXGroup;
			children = (
				CC5468A82A1A88560092B04C /* AppDelegate.swift */,
				CC5468AA2A1A88560092B04C /* SceneDelegate.swift */,
				CCB582872A2327BA00B5924A /* GoalManager.swift */,
				CCBFC26E2A1FB5EF0022FEAD /* Extensions */,
				CCBFC26D2A1FB5AF0022FEAD /* Model */,
				CCBFC26C2A1FB59D0022FEAD /* View */,
				CCBFC26B2A1FB5920022FEAD /* Controller */,
			);
			path = Sources;
			sourceTree = "<group>";
		};
		CCBFC26A2A1FB56F0022FEAD /* Resources */ = {
			isa = PBXGroup;
			children = (
				CC5468B12A1A88570092B04C /* Assets.xcassets */,
				CC5468B32A1A88570092B04C /* LaunchScreen.storyboard */,
				CC5468AE2A1A88560092B04C /* Main.storyboard */,
				CC5468B62A1A88570092B04C /* Info.plist */,
			);
			path = Resources;
			sourceTree = "<group>";
		};
		CCBFC26B2A1FB5920022FEAD /* Controller */ = {
			isa = PBXGroup;
			children = (
				CC8141A42A23457300188B72 /* DetailViewController.swift */,
				CC36347C2A1E36A90071EE4F /* ProfileViewController.swift */,
				CC5468AC2A1A88560092B04C /* MainViewController.swift */,
				CC8141B02A23B4AA00188B72 /* SettingViewController.swift */,
				CCBA10CD2A2DD25700456AA9 /* AddProjectViewController.swift */,
			);
			path = Controller;
			sourceTree = "<group>";
		};
		CCBFC26C2A1FB59D0022FEAD /* View */ = {
			isa = PBXGroup;
			children = (
				CCBFC2712A20B51F0022FEAD /* MainTableViewCell.swift */,
				CC8141AB2A23A0D000188B72 /* DetailView.swift */,
				CC8141B22A249B1B00188B72 /* SettingTableViewCell.swift */,
				CCBA10CF2A2DD28A00456AA9 /* AddGoalView.swift */,
			);
			path = View;
			sourceTree = "<group>";
		};
		CCBFC26D2A1FB5AF0022FEAD /* Model */ = {
			isa = PBXGroup;
			children = (
				CC8A43242A1F7AFD0063697F /* CustomColor.swift */,
				CCB582832A22606B00B5924A /* Goal.swift */,
			);
			path = Model;
			sourceTree = "<group>";
		};
		CCBFC26E2A1FB5EF0022FEAD /* Extensions */ = {
			isa = PBXGroup;
			children = (
				CCBFC26F2A1FB6040022FEAD /* UIColor+.swift */,
				CC87DBB42A337AC4002D90B6 /* UIView+.swift */,
				CC87DBB62A337CFD002D90B6 /* UIStackView+.swift */,
				CCFE85802A359E05001FD6C7 /* Date+.swift */,
				CCFE85822A359E1D001FD6C7 /* String+.swift */,
			);
			path = Extensions;
			sourceTree = "<group>";
		};
/* End PBXGroup section */

/* Begin PBXNativeTarget section */
		CC5468A42A1A88560092B04C /* PodoRang */ = {
			isa = PBXNativeTarget;
			buildConfigurationList = CC5468B92A1A88570092B04C /* Build configuration list for PBXNativeTarget "PodoRang" */;
			buildPhases = (
				CC5468A12A1A88560092B04C /* Sources */,
				CC5468A22A1A88560092B04C /* Frameworks */,
				CC5468A32A1A88560092B04C /* Resources */,
			);
			buildRules = (
			);
			dependencies = (
			);
			name = PodoRang;
			packageProductDependencies = (
				CC8141A92A2345E400188B72 /* SnapKit */,
				CCFE857E2A3461DF001FD6C7 /* TextFieldEffects */,
			);
			productName = PodoRang;
			productReference = CC5468A52A1A88560092B04C /* PodoRang.app */;
			productType = "com.apple.product-type.application";
		};
/* End PBXNativeTarget section */

/* Begin PBXProject section */
		CC54689D2A1A88560092B04C /* Project object */ = {
			isa = PBXProject;
			attributes = {
				BuildIndependentTargetsInParallel = 1;
				LastSwiftUpdateCheck = 1410;
				LastUpgradeCheck = 1410;
				TargetAttributes = {
					CC5468A42A1A88560092B04C = {
						CreatedOnToolsVersion = 14.1;
					};
				};
			};
			buildConfigurationList = CC5468A02A1A88560092B04C /* Build configuration list for PBXProject "PodoRang" */;
			compatibilityVersion = "Xcode 14.0";
			developmentRegion = en;
			hasScannedForEncodings = 0;
			knownRegions = (
				en,
				Base,
			);
			mainGroup = CC54689C2A1A88560092B04C;
			packageReferences = (
				CC8141A82A2345E400188B72 /* XCRemoteSwiftPackageReference "SnapKit" */,
				CCFE857D2A3461DF001FD6C7 /* XCRemoteSwiftPackageReference "TextFieldEffects" */,
			);
			productRefGroup = CC5468A62A1A88560092B04C /* Products */;
			projectDirPath = "";
			projectRoot = "";
			targets = (
				CC5468A42A1A88560092B04C /* PodoRang */,
			);
		};
/* End PBXProject section */

/* Begin PBXResourcesBuildPhase section */
		CC5468A32A1A88560092B04C /* Resources */ = {
			isa = PBXResourcesBuildPhase;
			buildActionMask = 2147483647;
			files = (
				CC5468B52A1A88570092B04C /* LaunchScreen.storyboard in Resources */,
				CC5468B22A1A88570092B04C /* Assets.xcassets in Resources */,
				CC5468B02A1A88560092B04C /* Main.storyboard in Resources */,
			);
			runOnlyForDeploymentPostprocessing = 0;
		};
/* End PBXResourcesBuildPhase section */

/* Begin PBXSourcesBuildPhase section */
		CC5468A12A1A88560092B04C /* Sources */ = {
			isa = PBXSourcesBuildPhase;
			buildActionMask = 2147483647;
			files = (
				CC8141A52A23457300188B72 /* DetailViewController.swift in Sources */,
				CC8141AC2A23A0D000188B72 /* DetailView.swift in Sources */,
				CC5468AD2A1A88560092B04C /* MainViewController.swift in Sources */,
				CC8141B12A23B4AA00188B72 /* SettingViewController.swift in Sources */,
				CCB582882A2327BA00B5924A /* GoalManager.swift in Sources */,
				CCFE85832A359E1D001FD6C7 /* String+.swift in Sources */,
				CCBFC2702A1FB6040022FEAD /* UIColor+.swift in Sources */,
				CCBA10CE2A2DD25700456AA9 /* AddProjectViewController.swift in Sources */,
				CC5468A92A1A88560092B04C /* AppDelegate.swift in Sources */,
				CCBFC2722A20B51F0022FEAD /* MainTableViewCell.swift in Sources */,
				CCFE85812A359E05001FD6C7 /* Date+.swift in Sources */,
				CCB582842A22606B00B5924A /* Goal.swift in Sources */,
				CC8141B32A249B1B00188B72 /* SettingTableViewCell.swift in Sources */,
				CC36347D2A1E36A90071EE4F /* ProfileViewController.swift in Sources */,
				CC87DBB52A337AC4002D90B6 /* UIView+.swift in Sources */,
				CC8A43252A1F7AFD0063697F /* CustomColor.swift in Sources */,
				CCBA10D02A2DD28A00456AA9 /* AddGoalView.swift in Sources */,
				CC87DBB72A337CFD002D90B6 /* UIStackView+.swift in Sources */,
				CC5468AB2A1A88560092B04C /* SceneDelegate.swift in Sources */,
			);
			runOnlyForDeploymentPostprocessing = 0;
		};
/* End PBXSourcesBuildPhase section */

/* Begin PBXVariantGroup section */
		CC5468AE2A1A88560092B04C /* Main.storyboard */ = {
			isa = PBXVariantGroup;
			children = (
				CC5468AF2A1A88560092B04C /* Base */,
			);
			name = Main.storyboard;
			sourceTree = "<group>";
		};
		CC5468B32A1A88570092B04C /* LaunchScreen.storyboard */ = {
			isa = PBXVariantGroup;
			children = (
				CC5468B42A1A88570092B04C /* Base */,
			);
			name = LaunchScreen.storyboard;
			sourceTree = "<group>";
		};
/* End PBXVariantGroup section */

/* Begin XCBuildConfiguration section */
		CC5468B72A1A88570092B04C /* Debug */ = {
			isa = XCBuildConfiguration;
			buildSettings = {
				ALWAYS_SEARCH_USER_PATHS = NO;
				CLANG_ANALYZER_NONNULL = YES;
				CLANG_ANALYZER_NUMBER_OBJECT_CONVERSION = YES_AGGRESSIVE;
				CLANG_CXX_LANGUAGE_STANDARD = "gnu++20";
				CLANG_ENABLE_MODULES = YES;
				CLANG_ENABLE_OBJC_ARC = YES;
				CLANG_ENABLE_OBJC_WEAK = YES;
				CLANG_WARN_BLOCK_CAPTURE_AUTORELEASING = YES;
				CLANG_WARN_BOOL_CONVERSION = YES;
				CLANG_WARN_COMMA = YES;
				CLANG_WARN_CONSTANT_CONVERSION = YES;
				CLANG_WARN_DEPRECATED_OBJC_IMPLEMENTATIONS = YES;
				CLANG_WARN_DIRECT_OBJC_ISA_USAGE = YES_ERROR;
				CLANG_WARN_DOCUMENTATION_COMMENTS = YES;
				CLANG_WARN_EMPTY_BODY = YES;
				CLANG_WARN_ENUM_CONVERSION = YES;
				CLANG_WARN_INFINITE_RECURSION = YES;
				CLANG_WARN_INT_CONVERSION = YES;
				CLANG_WARN_NON_LITERAL_NULL_CONVERSION = YES;
				CLANG_WARN_OBJC_IMPLICIT_RETAIN_SELF = YES;
				CLANG_WARN_OBJC_LITERAL_CONVERSION = YES;
				CLANG_WARN_OBJC_ROOT_CLASS = YES_ERROR;
				CLANG_WARN_QUOTED_INCLUDE_IN_FRAMEWORK_HEADER = YES;
				CLANG_WARN_RANGE_LOOP_ANALYSIS = YES;
				CLANG_WARN_STRICT_PROTOTYPES = YES;
				CLANG_WARN_SUSPICIOUS_MOVE = YES;
				CLANG_WARN_UNGUARDED_AVAILABILITY = YES_AGGRESSIVE;
				CLANG_WARN_UNREACHABLE_CODE = YES;
				CLANG_WARN__DUPLICATE_METHOD_MATCH = YES;
				COPY_PHASE_STRIP = NO;
				DEBUG_INFORMATION_FORMAT = dwarf;
				ENABLE_STRICT_OBJC_MSGSEND = YES;
				ENABLE_TESTABILITY = YES;
				GCC_C_LANGUAGE_STANDARD = gnu11;
				GCC_DYNAMIC_NO_PIC = NO;
				GCC_NO_COMMON_BLOCKS = YES;
				GCC_OPTIMIZATION_LEVEL = 0;
				GCC_PREPROCESSOR_DEFINITIONS = (
					"DEBUG=1",
					"$(inherited)",
				);
				GCC_WARN_64_TO_32_BIT_CONVERSION = YES;
				GCC_WARN_ABOUT_RETURN_TYPE = YES_ERROR;
				GCC_WARN_UNDECLARED_SELECTOR = YES;
				GCC_WARN_UNINITIALIZED_AUTOS = YES_AGGRESSIVE;
				GCC_WARN_UNUSED_FUNCTION = YES;
				GCC_WARN_UNUSED_VARIABLE = YES;
				IPHONEOS_DEPLOYMENT_TARGET = 16.1;
				MTL_ENABLE_DEBUG_INFO = INCLUDE_SOURCE;
				MTL_FAST_MATH = YES;
				ONLY_ACTIVE_ARCH = YES;
				SDKROOT = iphoneos;
				SWIFT_ACTIVE_COMPILATION_CONDITIONS = DEBUG;
				SWIFT_OPTIMIZATION_LEVEL = "-Onone";
			};
			name = Debug;
		};
		CC5468B82A1A88570092B04C /* Release */ = {
			isa = XCBuildConfiguration;
			buildSettings = {
				ALWAYS_SEARCH_USER_PATHS = NO;
				CLANG_ANALYZER_NONNULL = YES;
				CLANG_ANALYZER_NUMBER_OBJECT_CONVERSION = YES_AGGRESSIVE;
				CLANG_CXX_LANGUAGE_STANDARD = "gnu++20";
				CLANG_ENABLE_MODULES = YES;
				CLANG_ENABLE_OBJC_ARC = YES;
				CLANG_ENABLE_OBJC_WEAK = YES;
				CLANG_WARN_BLOCK_CAPTURE_AUTORELEASING = YES;
				CLANG_WARN_BOOL_CONVERSION = YES;
				CLANG_WARN_COMMA = YES;
				CLANG_WARN_CONSTANT_CONVERSION = YES;
				CLANG_WARN_DEPRECATED_OBJC_IMPLEMENTATIONS = YES;
				CLANG_WARN_DIRECT_OBJC_ISA_USAGE = YES_ERROR;
				CLANG_WARN_DOCUMENTATION_COMMENTS = YES;
				CLANG_WARN_EMPTY_BODY = YES;
				CLANG_WARN_ENUM_CONVERSION = YES;
				CLANG_WARN_INFINITE_RECURSION = YES;
				CLANG_WARN_INT_CONVERSION = YES;
				CLANG_WARN_NON_LITERAL_NULL_CONVERSION = YES;
				CLANG_WARN_OBJC_IMPLICIT_RETAIN_SELF = YES;
				CLANG_WARN_OBJC_LITERAL_CONVERSION = YES;
				CLANG_WARN_OBJC_ROOT_CLASS = YES_ERROR;
				CLANG_WARN_QUOTED_INCLUDE_IN_FRAMEWORK_HEADER = YES;
				CLANG_WARN_RANGE_LOOP_ANALYSIS = YES;
				CLANG_WARN_STRICT_PROTOTYPES = YES;
				CLANG_WARN_SUSPICIOUS_MOVE = YES;
				CLANG_WARN_UNGUARDED_AVAILABILITY = YES_AGGRESSIVE;
				CLANG_WARN_UNREACHABLE_CODE = YES;
				CLANG_WARN__DUPLICATE_METHOD_MATCH = YES;
				COPY_PHASE_STRIP = NO;
				DEBUG_INFORMATION_FORMAT = "dwarf-with-dsym";
				ENABLE_NS_ASSERTIONS = NO;
				ENABLE_STRICT_OBJC_MSGSEND = YES;
				GCC_C_LANGUAGE_STANDARD = gnu11;
				GCC_NO_COMMON_BLOCKS = YES;
				GCC_WARN_64_TO_32_BIT_CONVERSION = YES;
				GCC_WARN_ABOUT_RETURN_TYPE = YES_ERROR;
				GCC_WARN_UNDECLARED_SELECTOR = YES;
				GCC_WARN_UNINITIALIZED_AUTOS = YES_AGGRESSIVE;
				GCC_WARN_UNUSED_FUNCTION = YES;
				GCC_WARN_UNUSED_VARIABLE = YES;
				IPHONEOS_DEPLOYMENT_TARGET = 16.1;
				MTL_ENABLE_DEBUG_INFO = NO;
				MTL_FAST_MATH = YES;
				SDKROOT = iphoneos;
				SWIFT_COMPILATION_MODE = wholemodule;
				SWIFT_OPTIMIZATION_LEVEL = "-O";
				VALIDATE_PRODUCT = YES;
			};
			name = Release;
		};
		CC5468BA2A1A88570092B04C /* Debug */ = {
			isa = XCBuildConfiguration;
			buildSettings = {
				ASSETCATALOG_COMPILER_APPICON_NAME = AppIcon;
				ASSETCATALOG_COMPILER_GLOBAL_ACCENT_COLOR_NAME = AccentColor;
				CODE_SIGN_STYLE = Automatic;
				CURRENT_PROJECT_VERSION = 1;
				GENERATE_INFOPLIST_FILE = YES;
				INFOPLIST_FILE = PodoRang/Resources/Info.plist;
				INFOPLIST_KEY_UIApplicationSupportsIndirectInputEvents = YES;
				INFOPLIST_KEY_UILaunchStoryboardName = LaunchScreen;
				INFOPLIST_KEY_UIMainStoryboardFile = Main;
				INFOPLIST_KEY_UISupportedInterfaceOrientations_iPad = "UIInterfaceOrientationPortrait UIInterfaceOrientationPortraitUpsideDown UIInterfaceOrientationLandscapeLeft UIInterfaceOrientationLandscapeRight";
				INFOPLIST_KEY_UISupportedInterfaceOrientations_iPhone = "UIInterfaceOrientationPortrait UIInterfaceOrientationLandscapeLeft UIInterfaceOrientationLandscapeRight";
				LD_RUNPATH_SEARCH_PATHS = (
					"$(inherited)",
					"@executable_path/Frameworks",
				);
				MARKETING_VERSION = 1.0;
				PRODUCT_BUNDLE_IDENTIFIER = coco.PodoRang;
				PRODUCT_NAME = "$(TARGET_NAME)";
				SWIFT_EMIT_LOC_STRINGS = YES;
				SWIFT_VERSION = 5.0;
				TARGETED_DEVICE_FAMILY = "1,2";
			};
			name = Debug;
		};
		CC5468BB2A1A88570092B04C /* Release */ = {
			isa = XCBuildConfiguration;
			buildSettings = {
				ASSETCATALOG_COMPILER_APPICON_NAME = AppIcon;
				ASSETCATALOG_COMPILER_GLOBAL_ACCENT_COLOR_NAME = AccentColor;
				CODE_SIGN_STYLE = Automatic;
				CURRENT_PROJECT_VERSION = 1;
				GENERATE_INFOPLIST_FILE = YES;
				INFOPLIST_FILE = PodoRang/Resources/Info.plist;
				INFOPLIST_KEY_UIApplicationSupportsIndirectInputEvents = YES;
				INFOPLIST_KEY_UILaunchStoryboardName = LaunchScreen;
				INFOPLIST_KEY_UIMainStoryboardFile = Main;
				INFOPLIST_KEY_UISupportedInterfaceOrientations_iPad = "UIInterfaceOrientationPortrait UIInterfaceOrientationPortraitUpsideDown UIInterfaceOrientationLandscapeLeft UIInterfaceOrientationLandscapeRight";
				INFOPLIST_KEY_UISupportedInterfaceOrientations_iPhone = "UIInterfaceOrientationPortrait UIInterfaceOrientationLandscapeLeft UIInterfaceOrientationLandscapeRight";
				LD_RUNPATH_SEARCH_PATHS = (
					"$(inherited)",
					"@executable_path/Frameworks",
				);
				MARKETING_VERSION = 1.0;
				PRODUCT_BUNDLE_IDENTIFIER = coco.PodoRang;
				PRODUCT_NAME = "$(TARGET_NAME)";
				SWIFT_EMIT_LOC_STRINGS = YES;
				SWIFT_VERSION = 5.0;
				TARGETED_DEVICE_FAMILY = "1,2";
			};
			name = Release;
		};
/* End XCBuildConfiguration section */

/* Begin XCConfigurationList section */
		CC5468A02A1A88560092B04C /* Build configuration list for PBXProject "PodoRang" */ = {
			isa = XCConfigurationList;
			buildConfigurations = (
				CC5468B72A1A88570092B04C /* Debug */,
				CC5468B82A1A88570092B04C /* Release */,
			);
			defaultConfigurationIsVisible = 0;
			defaultConfigurationName = Release;
		};
		CC5468B92A1A88570092B04C /* Build configuration list for PBXNativeTarget "PodoRang" */ = {
			isa = XCConfigurationList;
			buildConfigurations = (
				CC5468BA2A1A88570092B04C /* Debug */,
				CC5468BB2A1A88570092B04C /* Release */,
			);
			defaultConfigurationIsVisible = 0;
			defaultConfigurationName = Release;
		};
/* End XCConfigurationList section */

/* Begin XCRemoteSwiftPackageReference section */
		CC8141A82A2345E400188B72 /* XCRemoteSwiftPackageReference "SnapKit" */ = {
			isa = XCRemoteSwiftPackageReference;
			repositoryURL = "https://github.com/SnapKit/SnapKit";
			requirement = {
				kind = upToNextMajorVersion;
				minimumVersion = 5.0.0;
			};
		};
		CCFE857D2A3461DF001FD6C7 /* XCRemoteSwiftPackageReference "TextFieldEffects" */ = {
			isa = XCRemoteSwiftPackageReference;
			repositoryURL = "https://github.com/raulriera/TextFieldEffects";
			requirement = {
				kind = upToNextMajorVersion;
				minimumVersion = 1.0.0;
			};
		};
/* End XCRemoteSwiftPackageReference section */

/* Begin XCSwiftPackageProductDependency section */
		CC8141A92A2345E400188B72 /* SnapKit */ = {
			isa = XCSwiftPackageProductDependency;
			package = CC8141A82A2345E400188B72 /* XCRemoteSwiftPackageReference "SnapKit" */;
			productName = SnapKit;
		};
		CCFE857E2A3461DF001FD6C7 /* TextFieldEffects */ = {
			isa = XCSwiftPackageProductDependency;
			package = CCFE857D2A3461DF001FD6C7 /* XCRemoteSwiftPackageReference "TextFieldEffects" */;
			productName = TextFieldEffects;
		};
/* End XCSwiftPackageProductDependency section */
	};
	rootObject = CC54689D2A1A88560092B04C /* Project object */;
}
